
Microsoft Visual Studio Solution File, Format Version 12.00
# Visual Studio Version 17
VisualStudioVersion = 17.6.33829.357
MinimumVisualStudioVersion = 10.0.40219.1
Project("{9A19103F-16F7-4668-BE54-9A1E7A4F7556}") = "VacationPersistence", "VacationPersistence\VacationPersistence.csproj", "{0F98CDE7-4157-473E-BF9F-8D4853C92518}"
EndProject
Project("{9A19103F-16F7-4668-BE54-9A1E7A4F7556}") = "VacationAPI", "VacationAPI\VacationAPI.csproj", "{A470AC85-6DD2-495D-8BC0-41F0BC11CADE}"
EndProject
Project("{9092AA53-FB77-4645-B42D-1CCCA6BD08BD}") = "VacationPresentation", "VacationPresentation\VacationPresentation.njsproj", "{10BBF147-0867-4A19-90E3-6D429FB3DAB3}"
EndProject
Project("{FAE04EC0-301F-11D3-BF4B-00C04F79EFBC}") = "VacationDomain", "VacationDomain\VacationDomain.csproj", "{44704272-84C6-4C47-983B-410F512B4607}"
EndProject
Project("{FAE04EC0-301F-11D3-BF4B-00C04F79EFBC}") = "VacationApplication", "VacationApplication\VacationApplication.csproj", "{50C65E2B-8FD8-4C36-A8A1-0E44E2EACD0D}"
EndProject
Global
	GlobalSection(SolutionConfigurationPlatforms) = preSolution
		Debug|Any CPU = Debug|Any CPU
		Release|Any CPU = Release|Any CPU
	EndGlobalSection
	GlobalSection(ProjectConfigurationPlatforms) = postSolution
		{0F98CDE7-4157-473E-BF9F-8D4853C92518}.Debug|Any CPU.ActiveCfg = Debug|Any CPU
		{0F98CDE7-4157-473E-BF9F-8D4853C92518}.Debug|Any CPU.Build.0 = Debug|Any CPU
		{0F98CDE7-4157-473E-BF9F-8D4853C92518}.Release|Any CPU.ActiveCfg = Release|Any CPU
		{0F98CDE7-4157-473E-BF9F-8D4853C92518}.Release|Any CPU.Build.0 = Release|Any CPU
		{A470AC85-6DD2-495D-8BC0-41F0BC11CADE}.Debug|Any CPU.ActiveCfg = Debug|Any CPU
		{A470AC85-6DD2-495D-8BC0-41F0BC11CADE}.Debug|Any CPU.Build.0 = Debug|Any CPU
		{A470AC85-6DD2-495D-8BC0-41F0BC11CADE}.Release|Any CPU.ActiveCfg = Release|Any CPU
		{A470AC85-6DD2-495D-8BC0-41F0BC11CADE}.Release|Any CPU.Build.0 = Release|Any CPU
		{10BBF147-0867-4A19-90E3-6D429FB3DAB3}.Debug|Any CPU.ActiveCfg = Debug|Any CPU
		{10BBF147-0867-4A19-90E3-6D429FB3DAB3}.Debug|Any CPU.Build.0 = Debug|Any CPU
		{10BBF147-0867-4A19-90E3-6D429FB3DAB3}.Release|Any CPU.ActiveCfg = Release|Any CPU
		{10BBF147-0867-4A19-90E3-6D429FB3DAB3}.Release|Any CPU.Build.0 = Release|Any CPU
		{44704272-84C6-4C47-983B-410F512B4607}.Debug|Any CPU.ActiveCfg = Debug|Any CPU
		{44704272-84C6-4C47-983B-410F512B4607}.Debug|Any CPU.Build.0 = Debug|Any CPU
		{44704272-84C6-4C47-983B-410F512B4607}.Release|Any CPU.ActiveCfg = Release|Any CPU
		{44704272-84C6-4C47-983B-410F512B4607}.Release|Any CPU.Build.0 = Release|Any CPU
		{50C65E2B-8FD8-4C36-A8A1-0E44E2EACD0D}.Debug|Any CPU.ActiveCfg = Debug|Any CPU
		{50C65E2B-8FD8-4C36-A8A1-0E44E2EACD0D}.Debug|Any CPU.Build.0 = Debug|Any CPU
		{50C65E2B-8FD8-4C36-A8A1-0E44E2EACD0D}.Release|Any CPU.ActiveCfg = Release|Any CPU
		{50C65E2B-8FD8-4C36-A8A1-0E44E2EACD0D}.Release|Any CPU.Build.0 = Release|Any CPU
	EndGlobalSection
	GlobalSection(SolutionProperties) = preSolution
		HideSolutionNode = FALSE
	EndGlobalSection
	GlobalSection(ExtensibilityGlobals) = postSolution
		SolutionGuid = {657AB02B-8B4A-403B-A8D5-178D410B2DCC}
	EndGlobalSection
EndGlobal
